<?xml version="1.0" encoding="utf-8"?>
<Project ToolsVersion="4.0" xmlns="http://schemas.microsoft.com/developer/msbuild/2003">
  <ItemGroup>
    <Filter Include="Source Files">
      <UniqueIdentifier>{4FC737F1-C7A5-4376-A066-2A32D752A2FF}</UniqueIdentifier>
      <Extensions>cpp;c;cc;cxx;def;odl;idl;hpj;bat;asm;asmx</Extensions>
    </Filter>
    <Filter Include="Header Files">
      <UniqueIdentifier>{93995380-89BD-4b04-88EB-625FBE52EBFB}</UniqueIdentifier>
      <Extensions>h;hh;hpp;hxx;hm;inl;inc;xsd</Extensions>
    </Filter>
    <Filter Include="Resource Files">
      <UniqueIdentifier>{D9D6E242-F8AF-46E4-B9FD-80ECBC20BA3E}</UniqueIdentifier>
      <Extensions>qrc;*</Extensions>
      <ParseFiles>false</ParseFiles>
    </Filter>
    <Filter Include="Form Files">
      <UniqueIdentifier>{99349809-55BA-4b9d-BF79-8FDBB0286EB3}</UniqueIdentifier>
      <Extensions>ui</Extensions>
    </Filter>
    <Filter Include="Resource Files">
      <UniqueIdentifier>{D9D6E242-F8AF-46E4-B9FD-80ECBC20BA3E}</UniqueIdentifier>
      <Extensions>qrc;*</Extensions>
      <ParseFiles>false</ParseFiles>
    </Filter>
    <Filter Include="Generated Files">
      <UniqueIdentifier>{71ED8ED8-ACB9-4CE9-BBE1-E00B30144E11}</UniqueIdentifier>
      <Extensions>moc;h;cpp</Extensions>
      <SourceControlFiles>False</SourceControlFiles>
    </Filter>
    <Filter Include="Source Files\弹窗">
      <UniqueIdentifier>{5c278593-c2be-42bb-b816-f9a86312017c}</UniqueIdentifier>
    </Filter>
    <Filter Include="Source Files\NetWork">
      <UniqueIdentifier>{1795ca96-3737-496a-90ed-7c2e118b9718}</UniqueIdentifier>
    </Filter>
  </ItemGroup>
  <ItemGroup>
    <ClCompile Include="..\source\DispatherCommunication.cpp">
      <Filter>Source Files</Filter>
    </ClCompile>
    <ClCompile Include="..\source\main.cpp">
      <Filter>Source Files</Filter>
    </ClCompile>
    <ClCompile Include="..\source\AddressBookWidget.cpp">
      <Filter>Source Files</Filter>
    </ClCompile>
    <ClCompile Include="..\source\PhoneCtrlWidget.cpp">
      <Filter>Source Files</Filter>
    </ClCompile>
    <ClCompile Include="..\source\PhoneFunctionManagement.cpp">
      <Filter>Source Files</Filter>
    </ClCompile>
    <ClCompile Include="..\source\PhoneBookWidget.cpp">
      <Filter>Source Files\弹窗</Filter>
    </ClCompile>
    <ClCompile Include="..\source\Phone.cpp">
      <Filter>Source Files</Filter>
    </ClCompile>
    <ClCompile Include="..\source\PhoneRecordDialog.cpp">
      <Filter>Source Files\弹窗</Filter>
    </ClCompile>
    <ClCompile Include="..\source\NetClient.cpp">
      <Filter>Source Files\NetWork</Filter>
    </ClCompile>
  </ItemGroup>
  <ItemGroup>
    <QtMoc Include="..\source\DispatherCommunication.h">
      <Filter>Source Files</Filter>
    </QtMoc>
    <QtMoc Include="..\source\AddressBookWidget.h">
      <Filter>Source Files</Filter>
    </QtMoc>
    <QtMoc Include="..\source\PhoneCtrlWidget.h">
      <Filter>Source Files</Filter>
    </QtMoc>
    <QtMoc Include="..\source\PhoneFunctionManagement.h">
      <Filter>Source Files</Filter>
    </QtMoc>
    <QtMoc Include="..\source\PhoneBookWidget.h">
      <Filter>Source Files\弹窗</Filter>
    </QtMoc>
    <QtMoc Include="..\source\Phone.h">
      <Filter>Source Files</Filter>
    </QtMoc>
    <QtMoc Include="..\source\PhoneRecordDialog.h">
      <Filter>Source Files\弹窗</Filter>
    </QtMoc>
    <QtMoc Include="..\source\NetClient.h">
      <Filter>Source Files\NetWork</Filter>
    </QtMoc>
  </ItemGroup>
  <ItemGroup>
    <QtUic Include="..\source\DispatherCommunication.ui">
      <Filter>Source Files</Filter>
    </QtUic>
    <QtUic Include="..\source\PhoneCtrlWidget.ui">
      <Filter>Source Files</Filter>
    </QtUic>
  </ItemGroup>
  <ItemGroup>
    <QtRcc Include="DispatherCommunication.qrc">
      <Filter>Resource Files</Filter>
    </QtRcc>
  </ItemGroup>
  <ItemGroup>
    <ClInclude Include="..\source\Common.h">
      <Filter>Header Files</Filter>
    </ClInclude>
    <ClInclude Include="resource.h">
      <Filter>Header Files</Filter>
    </ClInclude>
    <ClInclude Include="..\source\NetProtocolHeader.h">
      <Filter>Header Files</Filter>
    </ClInclude>
  </ItemGroup>
  <ItemGroup>
    <ResourceCompile Include="DispatherCommunication.rc" />
  </ItemGroup>
</Project>